
Microsoft Visual Studio Solution File, Format Version 12.00
# Visual Studio Version 16
VisualStudioVersion = 16.0.32228.343
MinimumVisualStudioVersion = 10.0.40219.1
Project("{FAE04EC0-301F-11D3-BF4B-00C04F79EFBC}") = "LibraryForBasicDataTypes", "LibraryForBasicDataTypes\LibraryForBasicDataTypes.csproj", "{C7F13E42-24DD-415D-AFB5-88E4292876CA}"
EndProject
Project("{FAE04EC0-301F-11D3-BF4B-00C04F79EFBC}") = "LibraryOfMain", "LibraryOfMain\LibraryOfMain.csproj", "{6921E313-DC3D-4CA7-8C6E-847D89DAC83E}"
EndProject
Project("{FAE04EC0-301F-11D3-BF4B-00C04F79EFBC}") = "LibraryOfMainTest", "LibraryOfMainTest\LibraryOfMainTest.csproj", "{2578C32F-F71C-4111-9335-CFC46C1093FE}"
EndProject
Global
	GlobalSection(SolutionConfigurationPlatforms) = preSolution
		Debug|Any CPU = Debug|Any CPU
		Release|Any CPU = Release|Any CPU
	EndGlobalSection
	GlobalSection(ProjectConfigurationPlatforms) = postSolution
		{C7F13E42-24DD-415D-AFB5-88E4292876CA}.Debug|Any CPU.ActiveCfg = Debug|Any CPU
		{C7F13E42-24DD-415D-AFB5-88E4292876CA}.Debug|Any CPU.Build.0 = Debug|Any CPU
		{C7F13E42-24DD-415D-AFB5-88E4292876CA}.Release|Any CPU.ActiveCfg = Release|Any CPU
		{C7F13E42-24DD-415D-AFB5-88E4292876CA}.Release|Any CPU.Build.0 = Release|Any CPU
		{6921E313-DC3D-4CA7-8C6E-847D89DAC83E}.Debug|Any CPU.ActiveCfg = Debug|Any CPU
		{6921E313-DC3D-4CA7-8C6E-847D89DAC83E}.Debug|Any CPU.Build.0 = Debug|Any CPU
		{6921E313-DC3D-4CA7-8C6E-847D89DAC83E}.Release|Any CPU.ActiveCfg = Release|Any CPU
		{6921E313-DC3D-4CA7-8C6E-847D89DAC83E}.Release|Any CPU.Build.0 = Release|Any CPU
		{2578C32F-F71C-4111-9335-CFC46C1093FE}.Debug|Any CPU.ActiveCfg = Debug|Any CPU
		{2578C32F-F71C-4111-9335-CFC46C1093FE}.Debug|Any CPU.Build.0 = Debug|Any CPU
		{2578C32F-F71C-4111-9335-CFC46C1093FE}.Release|Any CPU.ActiveCfg = Release|Any CPU
		{2578C32F-F71C-4111-9335-CFC46C1093FE}.Release|Any CPU.Build.0 = Release|Any CPU
	EndGlobalSection
	GlobalSection(SolutionProperties) = preSolution
		HideSolutionNode = FALSE
	EndGlobalSection
	GlobalSection(ExtensibilityGlobals) = postSolution
		SolutionGuid = {FDB801ED-5C42-4837-9AFE-723C12775868}
	EndGlobalSection
EndGlobal
